// !$*UTF8*$!
{
	archiveVersion = 1;
	classes = {
	};
	objectVersion = 46;
	objects = {

/* Begin PBXBuildFile section */
		C317787C1B2BFE2B00F8E479 /* com_Audentia_BlocNotes.xcdatamodeld in Resources */ = {isa = PBXBuildFile; fileRef = C3AF48A91B1D32830089730C /* com_Audentia_BlocNotes.xcdatamodeld */; };
		C317787D1B2C016700F8E479 /* Note.m in Sources */ = {isa = PBXBuildFile; fileRef = C34C043D1B1D590A0043A323 /* Note.m */; };
		C34C043E1B1D590A0043A323 /* Note.m in Sources */ = {isa = PBXBuildFile; fileRef = C34C043D1B1D590A0043A323 /* Note.m */; };
		C3942DE51B2BB09F0044AE89 /* ShareViewController.m in Sources */ = {isa = PBXBuildFile; fileRef = C3942DE41B2BB09F0044AE89 /* ShareViewController.m */; };
		C3942DE71B2BB09F0044AE89 /* MainInterface.storyboard in Resources */ = {isa = PBXBuildFile; fileRef = C3942DE61B2BB09F0044AE89 /* MainInterface.storyboard */; };
		C3942DEA1B2BB09F0044AE89 /* BlocNotes.appex in Embed App Extensions */ = {isa = PBXBuildFile; fileRef = C3942DDF1B2BB09F0044AE89 /* BlocNotes.appex */; settings = {ATTRIBUTES = (RemoveHeadersOnCopy, ); }; };
		C3A85E0A1B2F786F00977125 /* CoreDataManager.m in Sources */ = {isa = PBXBuildFile; fileRef = C3A85E091B2F786F00977125 /* CoreDataManager.m */; };
		C3A85E0B1B2F786F00977125 /* CoreDataManager.m in Sources */ = {isa = PBXBuildFile; fileRef = C3A85E091B2F786F00977125 /* CoreDataManager.m */; };
		C3AE2ADC1B38DB3E0080C8C9 /* ResultsTableViewController.m in Sources */ = {isa = PBXBuildFile; fileRef = C3AE2ADB1B38DB3E0080C8C9 /* ResultsTableViewController.m */; };
		C3AF48A51B1D32830089730C /* main.m in Sources */ = {isa = PBXBuildFile; fileRef = C3AF48A41B1D32830089730C /* main.m */; };
		C3AF48A81B1D32830089730C /* AppDelegate.m in Sources */ = {isa = PBXBuildFile; fileRef = C3AF48A71B1D32830089730C /* AppDelegate.m */; };
		C3AF48AB1B1D32830089730C /* com_Audentia_BlocNotes.xcdatamodeld in Sources */ = {isa = PBXBuildFile; fileRef = C3AF48A91B1D32830089730C /* com_Audentia_BlocNotes.xcdatamodeld */; };
		C3AF48AE1B1D32830089730C /* MasterViewController.m in Sources */ = {isa = PBXBuildFile; fileRef = C3AF48AD1B1D32830089730C /* MasterViewController.m */; };
		C3AF48B11B1D32830089730C /* DetailViewController.m in Sources */ = {isa = PBXBuildFile; fileRef = C3AF48B01B1D32830089730C /* DetailViewController.m */; };
		C3AF48B41B1D32830089730C /* Main.storyboard in Resources */ = {isa = PBXBuildFile; fileRef = C3AF48B21B1D32830089730C /* Main.storyboard */; };
		C3AF48B61B1D32830089730C /* Images.xcassets in Resources */ = {isa = PBXBuildFile; fileRef = C3AF48B51B1D32830089730C /* Images.xcassets */; };
		C3AF48B91B1D32830089730C /* LaunchScreen.xib in Resources */ = {isa = PBXBuildFile; fileRef = C3AF48B71B1D32830089730C /* LaunchScreen.xib */; };
		C3AF48C51B1D32830089730C /* com_Audentia_BlocNotesTests.m in Sources */ = {isa = PBXBuildFile; fileRef = C3AF48C41B1D32830089730C /* com_Audentia_BlocNotesTests.m */; };
		C3E1075C1B4F87A200D5AA73 /* SettingsViewController.m in Sources */ = {isa = PBXBuildFile; fileRef = C3E1075B1B4F87A200D5AA73 /* SettingsViewController.m */; };
/* End PBXBuildFile section */

/* Begin PBXContainerItemProxy section */
		C3942DE81B2BB09F0044AE89 /* PBXContainerItemProxy */ = {
			isa = PBXContainerItemProxy;
			containerPortal = C3AF48971B1D32820089730C /* Project object */;
			proxyType = 1;
			remoteGlobalIDString = C3942DDE1B2BB09F0044AE89;
			remoteInfo = BlocNotes;
		};
		C3AF48BF1B1D32830089730C /* PBXContainerItemProxy */ = {
			isa = PBXContainerItemProxy;
			containerPortal = C3AF48971B1D32820089730C /* Project object */;
			proxyType = 1;
			remoteGlobalIDString = C3AF489E1B1D32830089730C;
			remoteInfo = com.Audentia.BlocNotes;
		};
/* End PBXContainerItemProxy section */

/* Begin PBXCopyFilesBuildPhase section */
		C367320C1B291BB9008EDC85 /* Embed App Extensions */ = {
			isa = PBXCopyFilesBuildPhase;
			buildActionMask = 2147483647;
			dstPath = "";
			dstSubfolderSpec = 13;
			files = (
				C3942DEA1B2BB09F0044AE89 /* BlocNotes.appex in Embed App Extensions */,
			);
			name = "Embed App Extensions";
			runOnlyForDeploymentPostprocessing = 0;
		};
/* End PBXCopyFilesBuildPhase section */

/* Begin PBXFileReference section */
		C317787A1B2BF0E700F8E479 /* com.Audentia.BlocNotes.entitlements */ = {isa = PBXFileReference; lastKnownFileType = text.xml; path = com.Audentia.BlocNotes.entitlements; sourceTree = "<group>"; };
		C317787B1B2BF12300F8E479 /* BlocNotes.entitlements */ = {isa = PBXFileReference; lastKnownFileType = text.xml; path = BlocNotes.entitlements; sourceTree = "<group>"; };
		C34C043C1B1D590A0043A323 /* Note.h */ = {isa = PBXFileReference; fileEncoding = 4; lastKnownFileType = sourcecode.c.h; path = Note.h; sourceTree = "<group>"; };
		C34C043D1B1D590A0043A323 /* Note.m */ = {isa = PBXFileReference; fileEncoding = 4; lastKnownFileType = sourcecode.c.objc; path = Note.m; sourceTree = "<group>"; };
		C3942DDF1B2BB09F0044AE89 /* BlocNotes.appex */ = {isa = PBXFileReference; explicitFileType = "wrapper.app-extension"; includeInIndex = 0; path = BlocNotes.appex; sourceTree = BUILT_PRODUCTS_DIR; };
		C3942DE21B2BB09F0044AE89 /* Info.plist */ = {isa = PBXFileReference; lastKnownFileType = text.plist.xml; path = Info.plist; sourceTree = "<group>"; };
		C3942DE31B2BB09F0044AE89 /* ShareViewController.h */ = {isa = PBXFileReference; lastKnownFileType = sourcecode.c.h; path = ShareViewController.h; sourceTree = "<group>"; };
		C3942DE41B2BB09F0044AE89 /* ShareViewController.m */ = {isa = PBXFileReference; lastKnownFileType = sourcecode.c.objc; path = ShareViewController.m; sourceTree = "<group>"; };
		C3942DE61B2BB09F0044AE89 /* MainInterface.storyboard */ = {isa = PBXFileReference; lastKnownFileType = file.storyboard; path = MainInterface.storyboard; sourceTree = "<group>"; };
		C3A85E081B2F786F00977125 /* CoreDataManager.h */ = {isa = PBXFileReference; fileEncoding = 4; lastKnownFileType = sourcecode.c.h; name = CoreDataManager.h; path = com.Audentia.BlocNotes/CoreDataManager.h; sourceTree = "<group>"; };
		C3A85E091B2F786F00977125 /* CoreDataManager.m */ = {isa = PBXFileReference; fileEncoding = 4; lastKnownFileType = sourcecode.c.objc; name = CoreDataManager.m; path = com.Audentia.BlocNotes/CoreDataManager.m; sourceTree = "<group>"; };
		C3AE2ADA1B38DB3E0080C8C9 /* ResultsTableViewController.h */ = {isa = PBXFileReference; fileEncoding = 4; lastKnownFileType = sourcecode.c.h; path = ResultsTableViewController.h; sourceTree = "<group>"; };
		C3AE2ADB1B38DB3E0080C8C9 /* ResultsTableViewController.m */ = {isa = PBXFileReference; fileEncoding = 4; lastKnownFileType = sourcecode.c.objc; path = ResultsTableViewController.m; sourceTree = "<group>"; };
		C3AF489F1B1D32830089730C /* com.Audentia.BlocNotes.app */ = {isa = PBXFileReference; explicitFileType = wrapper.application; includeInIndex = 0; path = com.Audentia.BlocNotes.app; sourceTree = BUILT_PRODUCTS_DIR; };
		C3AF48A31B1D32830089730C /* Info.plist */ = {isa = PBXFileReference; lastKnownFileType = text.plist.xml; path = Info.plist; sourceTree = "<group>"; };
		C3AF48A41B1D32830089730C /* main.m */ = {isa = PBXFileReference; lastKnownFileType = sourcecode.c.objc; path = main.m; sourceTree = "<group>"; };
		C3AF48A61B1D32830089730C /* AppDelegate.h */ = {isa = PBXFileReference; lastKnownFileType = sourcecode.c.h; path = AppDelegate.h; sourceTree = "<group>"; };
		C3AF48A71B1D32830089730C /* AppDelegate.m */ = {isa = PBXFileReference; lastKnownFileType = sourcecode.c.objc; path = AppDelegate.m; sourceTree = "<group>"; };
		C3AF48AA1B1D32830089730C /* com_Audentia_BlocNotes.xcdatamodel */ = {isa = PBXFileReference; lastKnownFileType = wrapper.xcdatamodel; path = com_Audentia_BlocNotes.xcdatamodel; sourceTree = "<group>"; };
		C3AF48AC1B1D32830089730C /* MasterViewController.h */ = {isa = PBXFileReference; lastKnownFileType = sourcecode.c.h; path = MasterViewController.h; sourceTree = "<group>"; };
		C3AF48AD1B1D32830089730C /* MasterViewController.m */ = {isa = PBXFileReference; lastKnownFileType = sourcecode.c.objc; path = MasterViewController.m; sourceTree = "<group>"; };
		C3AF48AF1B1D32830089730C /* DetailViewController.h */ = {isa = PBXFileReference; lastKnownFileType = sourcecode.c.h; path = DetailViewController.h; sourceTree = "<group>"; };
		C3AF48B01B1D32830089730C /* DetailViewController.m */ = {isa = PBXFileReference; lastKnownFileType = sourcecode.c.objc; path = DetailViewController.m; sourceTree = "<group>"; };
		C3AF48B31B1D32830089730C /* Base */ = {isa = PBXFileReference; lastKnownFileType = file.storyboard; name = Base; path = Base.lproj/Main.storyboard; sourceTree = "<group>"; };
		C3AF48B51B1D32830089730C /* Images.xcassets */ = {isa = PBXFileReference; lastKnownFileType = folder.assetcatalog; path = Images.xcassets; sourceTree = "<group>"; };
		C3AF48B81B1D32830089730C /* Base */ = {isa = PBXFileReference; lastKnownFileType = file.xib; name = Base; path = Base.lproj/LaunchScreen.xib; sourceTree = "<group>"; };
		C3AF48BE1B1D32830089730C /* com.Audentia.BlocNotesTests.xctest */ = {isa = PBXFileReference; explicitFileType = wrapper.cfbundle; includeInIndex = 0; path = com.Audentia.BlocNotesTests.xctest; sourceTree = BUILT_PRODUCTS_DIR; };
		C3AF48C31B1D32830089730C /* Info.plist */ = {isa = PBXFileReference; lastKnownFileType = text.plist.xml; path = Info.plist; sourceTree = "<group>"; };
		C3AF48C41B1D32830089730C /* com_Audentia_BlocNotesTests.m */ = {isa = PBXFileReference; lastKnownFileType = sourcecode.c.objc; path = com_Audentia_BlocNotesTests.m; sourceTree = "<group>"; };
		C3E1075A1B4F87A200D5AA73 /* SettingsViewController.h */ = {isa = PBXFileReference; fileEncoding = 4; lastKnownFileType = sourcecode.c.h; path = SettingsViewController.h; sourceTree = "<group>"; };
		C3E1075B1B4F87A200D5AA73 /* SettingsViewController.m */ = {isa = PBXFileReference; fileEncoding = 4; lastKnownFileType = sourcecode.c.objc; path = SettingsViewController.m; sourceTree = "<group>"; };
/* End PBXFileReference section */

/* Begin PBXFrameworksBuildPhase section */
		C3942DDC1B2BB09F0044AE89 /* Frameworks */ = {
			isa = PBXFrameworksBuildPhase;
			buildActionMask = 2147483647;
			files = (
			);
			runOnlyForDeploymentPostprocessing = 0;
		};
		C3AF489C1B1D32830089730C /* Frameworks */ = {
			isa = PBXFrameworksBuildPhase;
			buildActionMask = 2147483647;
			files = (
			);
			runOnlyForDeploymentPostprocessing = 0;
		};
		C3AF48BB1B1D32830089730C /* Frameworks */ = {
			isa = PBXFrameworksBuildPhase;
			buildActionMask = 2147483647;
			files = (
			);
			runOnlyForDeploymentPostprocessing = 0;
		};
/* End PBXFrameworksBuildPhase section */

/* Begin PBXGroup section */
		C31D9A6F1B2F73B300DFE1FD /* CoreData */ = {
			isa = PBXGroup;
			children = (
				C3AF48A91B1D32830089730C /* com_Audentia_BlocNotes.xcdatamodeld */,
				C3A85E081B2F786F00977125 /* CoreDataManager.h */,
				C3A85E091B2F786F00977125 /* CoreDataManager.m */,
				C34C043C1B1D590A0043A323 /* Note.h */,
				C34C043D1B1D590A0043A323 /* Note.m */,
			);
			name = CoreData;
			sourceTree = "<group>";
		};
		C3942DE01B2BB09F0044AE89 /* BlocNotes */ = {
			isa = PBXGroup;
			children = (
				C317787B1B2BF12300F8E479 /* BlocNotes.entitlements */,
				C3942DE31B2BB09F0044AE89 /* ShareViewController.h */,
				C3942DE41B2BB09F0044AE89 /* ShareViewController.m */,
				C3942DE61B2BB09F0044AE89 /* MainInterface.storyboard */,
				C3942DE11B2BB09F0044AE89 /* Supporting Files */,
			);
			path = BlocNotes;
			sourceTree = "<group>";
		};
		C3942DE11B2BB09F0044AE89 /* Supporting Files */ = {
			isa = PBXGroup;
			children = (
				C3942DE21B2BB09F0044AE89 /* Info.plist */,
			);
			name = "Supporting Files";
			sourceTree = "<group>";
		};
		C3AF48961B1D32820089730C = {
			isa = PBXGroup;
			children = (
				C31D9A6F1B2F73B300DFE1FD /* CoreData */,
				C3AF48A11B1D32830089730C /* com.Audentia.BlocNotes */,
				C3AF48C11B1D32830089730C /* com.Audentia.BlocNotesTests */,
				C3942DE01B2BB09F0044AE89 /* BlocNotes */,
				C3AF48A01B1D32830089730C /* Products */,
			);
			sourceTree = "<group>";
		};
		C3AF48A01B1D32830089730C /* Products */ = {
			isa = PBXGroup;
			children = (
				C3AF489F1B1D32830089730C /* com.Audentia.BlocNotes.app */,
				C3AF48BE1B1D32830089730C /* com.Audentia.BlocNotesTests.xctest */,
				C3942DDF1B2BB09F0044AE89 /* BlocNotes.appex */,
			);
			name = Products;
			sourceTree = "<group>";
		};
		C3AF48A11B1D32830089730C /* com.Audentia.BlocNotes */ = {
			isa = PBXGroup;
			children = (
				C317787A1B2BF0E700F8E479 /* com.Audentia.BlocNotes.entitlements */,
				C3AF48A61B1D32830089730C /* AppDelegate.h */,
				C3AF48A71B1D32830089730C /* AppDelegate.m */,
				C3AF48AC1B1D32830089730C /* MasterViewController.h */,
				C3AF48AD1B1D32830089730C /* MasterViewController.m */,
				C3AF48AF1B1D32830089730C /* DetailViewController.h */,
				C3AF48B01B1D32830089730C /* DetailViewController.m */,
				C3AE2ADA1B38DB3E0080C8C9 /* ResultsTableViewController.h */,
				C3AE2ADB1B38DB3E0080C8C9 /* ResultsTableViewController.m */,
				C3AF48B21B1D32830089730C /* Main.storyboard */,
				C3E1075A1B4F87A200D5AA73 /* SettingsViewController.h */,
				C3E1075B1B4F87A200D5AA73 /* SettingsViewController.m */,
				C3AF48B51B1D32830089730C /* Images.xcassets */,
				C3AF48B71B1D32830089730C /* LaunchScreen.xib */,
				C3AF48A21B1D32830089730C /* Supporting Files */,
			);
			path = com.Audentia.BlocNotes;
			sourceTree = "<group>";
		};
		C3AF48A21B1D32830089730C /* Supporting Files */ = {
			isa = PBXGroup;
			children = (
				C3AF48A31B1D32830089730C /* Info.plist */,
				C3AF48A41B1D32830089730C /* main.m */,
			);
			name = "Supporting Files";
			sourceTree = "<group>";
		};
		C3AF48C11B1D32830089730C /* com.Audentia.BlocNotesTests */ = {
			isa = PBXGroup;
			children = (
				C3AF48C41B1D32830089730C /* com_Audentia_BlocNotesTests.m */,
				C3AF48C21B1D32830089730C /* Supporting Files */,
			);
			path = com.Audentia.BlocNotesTests;
			sourceTree = "<group>";
		};
		C3AF48C21B1D32830089730C /* Supporting Files */ = {
			isa = PBXGroup;
			children = (
				C3AF48C31B1D32830089730C /* Info.plist */,
			);
			name = "Supporting Files";
			sourceTree = "<group>";
		};
/* End PBXGroup section */

/* Begin PBXNativeTarget section */
		C3942DDE1B2BB09F0044AE89 /* BlocNotes */ = {
			isa = PBXNativeTarget;
			buildConfigurationList = C3942DED1B2BB0A00044AE89 /* Build configuration list for PBXNativeTarget "BlocNotes" */;
			buildPhases = (
				C3942DDB1B2BB09F0044AE89 /* Sources */,
				C3942DDC1B2BB09F0044AE89 /* Frameworks */,
				C3942DDD1B2BB09F0044AE89 /* Resources */,
			);
			buildRules = (
			);
			dependencies = (
			);
			name = BlocNotes;
			productName = BlocNotes;
			productReference = C3942DDF1B2BB09F0044AE89 /* BlocNotes.appex */;
			productType = "com.apple.product-type.app-extension";
		};
		C3AF489E1B1D32830089730C /* com.Audentia.BlocNotes */ = {
			isa = PBXNativeTarget;
			buildConfigurationList = C3AF48C81B1D32830089730C /* Build configuration list for PBXNativeTarget "com.Audentia.BlocNotes" */;
			buildPhases = (
				C3AF489B1B1D32830089730C /* Sources */,
				C3AF489C1B1D32830089730C /* Frameworks */,
				C3AF489D1B1D32830089730C /* Resources */,
				C367320C1B291BB9008EDC85 /* Embed App Extensions */,
			);
			buildRules = (
			);
			dependencies = (
				C3942DE91B2BB09F0044AE89 /* PBXTargetDependency */,
			);
			name = com.Audentia.BlocNotes;
			productName = com.Audentia.BlocNotes;
			productReference = C3AF489F1B1D32830089730C /* com.Audentia.BlocNotes.app */;
			productType = "com.apple.product-type.application";
		};
		C3AF48BD1B1D32830089730C /* com.Audentia.BlocNotesTests */ = {
			isa = PBXNativeTarget;
			buildConfigurationList = C3AF48CB1B1D32830089730C /* Build configuration list for PBXNativeTarget "com.Audentia.BlocNotesTests" */;
			buildPhases = (
				C3AF48BA1B1D32830089730C /* Sources */,
				C3AF48BB1B1D32830089730C /* Frameworks */,
				C3AF48BC1B1D32830089730C /* Resources */,
			);
			buildRules = (
			);
			dependencies = (
				C3AF48C01B1D32830089730C /* PBXTargetDependency */,
			);
			name = com.Audentia.BlocNotesTests;
			productName = com.Audentia.BlocNotesTests;
			productReference = C3AF48BE1B1D32830089730C /* com.Audentia.BlocNotesTests.xctest */;
			productType = "com.apple.product-type.bundle.unit-test";
		};
/* End PBXNativeTarget section */

/* Begin PBXProject section */
		C3AF48971B1D32820089730C /* Project object */ = {
			isa = PBXProject;
			attributes = {
				LastUpgradeCheck = 0700;
				ORGANIZATIONNAME = Bloc;
				TargetAttributes = {
					C3942DDE1B2BB09F0044AE89 = {
						CreatedOnToolsVersion = 6.3.2;
						DevelopmentTeam = 68KS6FN57P;
						SystemCapabilities = {
							com.apple.ApplicationGroups.iOS = {
								enabled = 1;
							};
						};
					};
					C3AF489E1B1D32830089730C = {
						CreatedOnToolsVersion = 6.3.2;
						DevelopmentTeam = 68KS6FN57P;
						SystemCapabilities = {
							com.apple.ApplicationGroups.iOS = {
								enabled = 1;
							};
							com.apple.iCloud = {
								enabled = 1;
							};
						};
					};
					C3AF48BD1B1D32830089730C = {
						CreatedOnToolsVersion = 6.3.2;
						TestTargetID = C3AF489E1B1D32830089730C;
					};
				};
			};
			buildConfigurationList = C3AF489A1B1D32820089730C /* Build configuration list for PBXProject "com.Audentia.BlocNotes" */;
			compatibilityVersion = "Xcode 3.2";
			developmentRegion = English;
			hasScannedForEncodings = 0;
			knownRegions = (
				en,
				Base,
			);
			mainGroup = C3AF48961B1D32820089730C;
			productRefGroup = C3AF48A01B1D32830089730C /* Products */;
			projectDirPath = "";
			projectRoot = "";
			targets = (
				C3AF489E1B1D32830089730C /* com.Audentia.BlocNotes */,
				C3AF48BD1B1D32830089730C /* com.Audentia.BlocNotesTests */,
				C3942DDE1B2BB09F0044AE89 /* BlocNotes */,
			);
		};
/* End PBXProject section */

/* Begin PBXResourcesBuildPhase section */
		C3942DDD1B2BB09F0044AE89 /* Resources */ = {
			isa = PBXResourcesBuildPhase;
			buildActionMask = 2147483647;
			files = (
				C317787C1B2BFE2B00F8E479 /* com_Audentia_BlocNotes.xcdatamodeld in Resources */,
				C3942DE71B2BB09F0044AE89 /* MainInterface.storyboard in Resources */,
			);
			runOnlyForDeploymentPostprocessing = 0;
		};
		C3AF489D1B1D32830089730C /* Resources */ = {
			isa = PBXResourcesBuildPhase;
			buildActionMask = 2147483647;
			files = (
				C3AF48B41B1D32830089730C /* Main.storyboard in Resources */,
				C3AF48B91B1D32830089730C /* LaunchScreen.xib in Resources */,
				C3AF48B61B1D32830089730C /* Images.xcassets in Resources */,
			);
			runOnlyForDeploymentPostprocessing = 0;
		};
		C3AF48BC1B1D32830089730C /* Resources */ = {
			isa = PBXResourcesBuildPhase;
			buildActionMask = 2147483647;
			files = (
			);
			runOnlyForDeploymentPostprocessing = 0;
		};
/* End PBXResourcesBuildPhase section */

/* Begin PBXSourcesBuildPhase section */
		C3942DDB1B2BB09F0044AE89 /* Sources */ = {
			isa = PBXSourcesBuildPhase;
			buildActionMask = 2147483647;
			files = (
				C3A85E0B1B2F786F00977125 /* CoreDataManager.m in Sources */,
				C3942DE51B2BB09F0044AE89 /* ShareViewController.m in Sources */,
				C317787D1B2C016700F8E479 /* Note.m in Sources */,
			);
			runOnlyForDeploymentPostprocessing = 0;
		};
		C3AF489B1B1D32830089730C /* Sources */ = {
			isa = PBXSourcesBuildPhase;
			buildActionMask = 2147483647;
			files = (
				C3AE2ADC1B38DB3E0080C8C9 /* ResultsTableViewController.m in Sources */,
				C3AF48B11B1D32830089730C /* DetailViewController.m in Sources */,
				C3A85E0A1B2F786F00977125 /* CoreDataManager.m in Sources */,
				C3E1075C1B4F87A200D5AA73 /* SettingsViewController.m in Sources */,
				C3AF48AE1B1D32830089730C /* MasterViewController.m in Sources */,
				C3AF48AB1B1D32830089730C /* com_Audentia_BlocNotes.xcdatamodeld in Sources */,
				C34C043E1B1D590A0043A323 /* Note.m in Sources */,
				C3AF48A81B1D32830089730C /* AppDelegate.m in Sources */,
				C3AF48A51B1D32830089730C /* main.m in Sources */,
			);
			runOnlyForDeploymentPostprocessing = 0;
		};
		C3AF48BA1B1D32830089730C /* Sources */ = {
			isa = PBXSourcesBuildPhase;
			buildActionMask = 2147483647;
			files = (
				C3AF48C51B1D32830089730C /* com_Audentia_BlocNotesTests.m in Sources */,
			);
			runOnlyForDeploymentPostprocessing = 0;
		};
/* End PBXSourcesBuildPhase section */

/* Begin PBXTargetDependency section */
		C3942DE91B2BB09F0044AE89 /* PBXTargetDependency */ = {
			isa = PBXTargetDependency;
			target = C3942DDE1B2BB09F0044AE89 /* BlocNotes */;
			targetProxy = C3942DE81B2BB09F0044AE89 /* PBXContainerItemProxy */;
		};
		C3AF48C01B1D32830089730C /* PBXTargetDependency */ = {
			isa = PBXTargetDependency;
			target = C3AF489E1B1D32830089730C /* com.Audentia.BlocNotes */;
			targetProxy = C3AF48BF1B1D32830089730C /* PBXContainerItemProxy */;
		};
/* End PBXTargetDependency section */

/* Begin PBXVariantGroup section */
		C3AF48B21B1D32830089730C /* Main.storyboard */ = {
			isa = PBXVariantGroup;
			children = (
				C3AF48B31B1D32830089730C /* Base */,
			);
			name = Main.storyboard;
			sourceTree = "<group>";
		};
		C3AF48B71B1D32830089730C /* LaunchScreen.xib */ = {
			isa = PBXVariantGroup;
			children = (
				C3AF48B81B1D32830089730C /* Base */,
			);
			name = LaunchScreen.xib;
			sourceTree = "<group>";
		};
/* End PBXVariantGroup section */

/* Begin XCBuildConfiguration section */
		C3942DEB1B2BB09F0044AE89 /* Debug */ = {
			isa = XCBuildConfiguration;
			buildSettings = {
				CODE_SIGN_ENTITLEMENTS = BlocNotes/BlocNotes.entitlements;
				CODE_SIGN_IDENTITY = "iPhone Developer";
				"CODE_SIGN_IDENTITY[sdk=iphoneos*]" = "iPhone Developer";
				GCC_PREPROCESSOR_DEFINITIONS = (
					"DEBUG=1",
					"$(inherited)",
				);
				INFOPLIST_FILE = BlocNotes/Info.plist;
				LD_RUNPATH_SEARCH_PATHS = "$(inherited) @executable_path/Frameworks @executable_path/../../Frameworks";
				PRODUCT_BUNDLE_IDENTIFIER = "Bloc.com-Audentia-BlocNotes.$(PRODUCT_NAME:rfc1034identifier)";
				PRODUCT_NAME = "$(TARGET_NAME)";
				PROVISIONING_PROFILE = "";
				SKIP_INSTALL = YES;
			};
			name = Debug;
		};
		C3942DEC1B2BB09F0044AE89 /* Release */ = {
			isa = XCBuildConfiguration;
			buildSettings = {
				CODE_SIGN_ENTITLEMENTS = BlocNotes/BlocNotes.entitlements;
				CODE_SIGN_IDENTITY = "iPhone Developer";
				"CODE_SIGN_IDENTITY[sdk=iphoneos*]" = "iPhone Developer";
				INFOPLIST_FILE = BlocNotes/Info.plist;
				LD_RUNPATH_SEARCH_PATHS = "$(inherited) @executable_path/Frameworks @executable_path/../../Frameworks";
				PRODUCT_BUNDLE_IDENTIFIER = "Bloc.com-Audentia-BlocNotes.$(PRODUCT_NAME:rfc1034identifier)";
				PRODUCT_NAME = "$(TARGET_NAME)";
				PROVISIONING_PROFILE = "";
				SKIP_INSTALL = YES;
			};
			name = Release;
		};
		C3AF48C61B1D32830089730C /* Debug */ = {
			isa = XCBuildConfiguration;
			buildSettings = {
				ALWAYS_SEARCH_USER_PATHS = NO;
				CLANG_CXX_LANGUAGE_STANDARD = "gnu++0x";
				CLANG_CXX_LIBRARY = "libc++";
				CLANG_ENABLE_MODULES = YES;
				CLANG_ENABLE_OBJC_ARC = YES;
				CLANG_WARN_BOOL_CONVERSION = YES;
				CLANG_WARN_CONSTANT_CONVERSION = YES;
				CLANG_WARN_DIRECT_OBJC_ISA_USAGE = YES_ERROR;
				CLANG_WARN_EMPTY_BODY = YES;
				CLANG_WARN_ENUM_CONVERSION = YES;
				CLANG_WARN_INT_CONVERSION = YES;
				CLANG_WARN_OBJC_ROOT_CLASS = YES_ERROR;
				CLANG_WARN_UNREACHABLE_CODE = YES;
				CLANG_WARN__DUPLICATE_METHOD_MATCH = YES;
				"CODE_SIGN_IDENTITY[sdk=iphoneos*]" = "iPhone Developer";
				COPY_PHASE_STRIP = NO;
				DEBUG_INFORMATION_FORMAT = "dwarf-with-dsym";
				ENABLE_STRICT_OBJC_MSGSEND = YES;
				ENABLE_TESTABILITY = YES;
				GCC_C_LANGUAGE_STANDARD = gnu99;
				GCC_DYNAMIC_NO_PIC = NO;
				GCC_NO_COMMON_BLOCKS = YES;
				GCC_OPTIMIZATION_LEVEL = 0;
				GCC_PREPROCESSOR_DEFINITIONS = (
					"DEBUG=1",
					"$(inherited)",
				);
				GCC_SYMBOLS_PRIVATE_EXTERN = NO;
				GCC_WARN_64_TO_32_BIT_CONVERSION = YES;
				GCC_WARN_ABOUT_RETURN_TYPE = YES_ERROR;
				GCC_WARN_UNDECLARED_SELECTOR = YES;
				GCC_WARN_UNINITIALIZED_AUTOS = YES_AGGRESSIVE;
				GCC_WARN_UNUSED_FUNCTION = YES;
				GCC_WARN_UNUSED_VARIABLE = YES;
				IPHONEOS_DEPLOYMENT_TARGET = 8.3;
				MTL_ENABLE_DEBUG_INFO = YES;
				ONLY_ACTIVE_ARCH = YES;
				SDKROOT = iphoneos;
				TARGETED_DEVICE_FAMILY = "1,2";
			};
			name = Debug;
		};
		C3AF48C71B1D32830089730C /* Release */ = {
			isa = XCBuildConfiguration;
			buildSettings = {
				ALWAYS_SEARCH_USER_PATHS = NO;
				CLANG_CXX_LANGUAGE_STANDARD = "gnu++0x";
				CLANG_CXX_LIBRARY = "libc++";
				CLANG_ENABLE_MODULES = YES;
				CLANG_ENABLE_OBJC_ARC = YES;
				CLANG_WARN_BOOL_CONVERSION = YES;
				CLANG_WARN_CONSTANT_CONVERSION = YES;
				CLANG_WARN_DIRECT_OBJC_ISA_USAGE = YES_ERROR;
				CLANG_WARN_EMPTY_BODY = YES;
				CLANG_WARN_ENUM_CONVERSION = YES;
				CLANG_WARN_INT_CONVERSION = YES;
				CLANG_WARN_OBJC_ROOT_CLASS = YES_ERROR;
				CLANG_WARN_UNREACHABLE_CODE = YES;
				CLANG_WARN__DUPLICATE_METHOD_MATCH = YES;
				"CODE_SIGN_IDENTITY[sdk=iphoneos*]" = "iPhone Developer";
				COPY_PHASE_STRIP = NO;
				DEBUG_INFORMATION_FORMAT = "dwarf-with-dsym";
				ENABLE_NS_ASSERTIONS = NO;
				ENABLE_STRICT_OBJC_MSGSEND = YES;
				GCC_C_LANGUAGE_STANDARD = gnu99;
				GCC_NO_COMMON_BLOCKS = YES;
				GCC_WARN_64_TO_32_BIT_CONVERSION = YES;
				GCC_WARN_ABOUT_RETURN_TYPE = YES_ERROR;
				GCC_WARN_UNDECLARED_SELECTOR = YES;
				GCC_WARN_UNINITIALIZED_AUTOS = YES_AGGRESSIVE;
				GCC_WARN_UNUSED_FUNCTION = YES;
				GCC_WARN_UNUSED_VARIABLE = YES;
				IPHONEOS_DEPLOYMENT_TARGET = 8.3;
				MTL_ENABLE_DEBUG_INFO = NO;
				SDKROOT = iphoneos;
				TARGETED_DEVICE_FAMILY = "1,2";
				VALIDATE_PRODUCT = YES;
			};
			name = Release;
		};
		C3AF48C91B1D32830089730C /* Debug */ = {
			isa = XCBuildConfiguration;
			buildSettings = {
				ASSETCATALOG_COMPILER_APPICON_NAME = AppIcon;
				CODE_SIGN_ENTITLEMENTS = com.Audentia.BlocNotes/com.Audentia.BlocNotes.entitlements;
				CODE_SIGN_IDENTITY = "iPhone Developer";
				"CODE_SIGN_IDENTITY[sdk=iphoneos*]" = "iPhone Developer";
				INFOPLIST_FILE = com.Audentia.BlocNotes/Info.plist;
				LD_RUNPATH_SEARCH_PATHS = "$(inherited) @executable_path/Frameworks";
				PRODUCT_BUNDLE_IDENTIFIER = "Bloc.$(PRODUCT_NAME:rfc1034identifier)";
				PRODUCT_NAME = "$(TARGET_NAME)";
				PROVISIONING_PROFILE = "";
			};
			name = Debug;
		};
		C3AF48CA1B1D32830089730C /* Release */ = {
			isa = XCBuildConfiguration;
			buildSettings = {
				ASSETCATALOG_COMPILER_APPICON_NAME = AppIcon;
				CODE_SIGN_ENTITLEMENTS = com.Audentia.BlocNotes/com.Audentia.BlocNotes.entitlements;
				CODE_SIGN_IDENTITY = "iPhone Developer";
				"CODE_SIGN_IDENTITY[sdk=iphoneos*]" = "iPhone Developer";
				INFOPLIST_FILE = com.Audentia.BlocNotes/Info.plist;
				LD_RUNPATH_SEARCH_PATHS = "$(inherited) @executable_path/Frameworks";
				PRODUCT_BUNDLE_IDENTIFIER = "Bloc.$(PRODUCT_NAME:rfc1034identifier)";
				PRODUCT_NAME = "$(TARGET_NAME)";
				PROVISIONING_PROFILE = "";
			};
			name = Release;
		};
		C3AF48CC1B1D32830089730C /* Debug */ = {
			isa = XCBuildConfiguration;
			buildSettings = {
				BUNDLE_LOADER = "$(TEST_HOST)";
				FRAMEWORK_SEARCH_PATHS = (
					"$(SDKROOT)/Developer/Library/Frameworks",
					"$(inherited)",
				);
				GCC_PREPROCESSOR_DEFINITIONS = (
					"DEBUG=1",
					"$(inherited)",
				);
				INFOPLIST_FILE = com.Audentia.BlocNotesTests/Info.plist;
				LD_RUNPATH_SEARCH_PATHS = "$(inherited) @executable_path/Frameworks @loader_path/Frameworks";
				PRODUCT_BUNDLE_IDENTIFIER = "Bloc.$(PRODUCT_NAME:rfc1034identifier)";
				PRODUCT_NAME = "$(TARGET_NAME)";
				TEST_HOST = "$(BUILT_PRODUCTS_DIR)/com.Audentia.BlocNotes.app/com.Audentia.BlocNotes";
			};
			name = Debug;
		};
		C3AF48CD1B1D32830089730C /* Release */ = {
			isa = XCBuildConfiguration;
			buildSettings = {
				BUNDLE_LOADER = "$(TEST_HOST)";
				FRAMEWORK_SEARCH_PATHS = (
					"$(SDKROOT)/Developer/Library/Frameworks",
					"$(inherited)",
				);
				INFOPLIST_FILE = com.Audentia.BlocNotesTests/Info.plist;
				LD_RUNPATH_SEARCH_PATHS = "$(inherited) @executable_path/Frameworks @loader_path/Frameworks";
				PRODUCT_BUNDLE_IDENTIFIER = "Bloc.$(PRODUCT_NAME:rfc1034identifier)";
				PRODUCT_NAME = "$(TARGET_NAME)";
				TEST_HOST = "$(BUILT_PRODUCTS_DIR)/com.Audentia.BlocNotes.app/com.Audentia.BlocNotes";
			};
			name = Release;
		};
/* End XCBuildConfiguration section */

/* Begin XCConfigurationList section */
		C3942DED1B2BB0A00044AE89 /* Build configuration list for PBXNativeTarget "BlocNotes" */ = {
			isa = XCConfigurationList;
			buildConfigurations = (
				C3942DEB1B2BB09F0044AE89 /* Debug */,
				C3942DEC1B2BB09F0044AE89 /* Release */,
			);
			defaultConfigurationIsVisible = 0;
			defaultConfigurationName = Release;
		};
		C3AF489A1B1D32820089730C /* Build configuration list for PBXProject "com.Audentia.BlocNotes" */ = {
			isa = XCConfigurationList;
			buildConfigurations = (
				C3AF48C61B1D32830089730C /* Debug */,
				C3AF48C71B1D32830089730C /* Release */,
			);
			defaultConfigurationIsVisible = 0;
			defaultConfigurationName = Release;
		};
		C3AF48C81B1D32830089730C /* Build configuration list for PBXNativeTarget "com.Audentia.BlocNotes" */ = {
			isa = XCConfigurationList;
			buildConfigurations = (
				C3AF48C91B1D32830089730C /* Debug */,
				C3AF48CA1B1D32830089730C /* Release */,
			);
			defaultConfigurationIsVisible = 0;
			defaultConfigurationName = Release;
		};
		C3AF48CB1B1D32830089730C /* Build configuration list for PBXNativeTarget "com.Audentia.BlocNotesTests" */ = {
			isa = XCConfigurationList;
			buildConfigurations = (
				C3AF48CC1B1D32830089730C /* Debug */,
				C3AF48CD1B1D32830089730C /* Release */,
			);
			defaultConfigurationIsVisible = 0;
			defaultConfigurationName = Release;
		};
/* End XCConfigurationList section */

/* Begin XCVersionGroup section */
		C3AF48A91B1D32830089730C /* com_Audentia_BlocNotes.xcdatamodeld */ = {
			isa = XCVersionGroup;
			children = (
				C3AF48AA1B1D32830089730C /* com_Audentia_BlocNotes.xcdatamodel */,
			);
			currentVersion = C3AF48AA1B1D32830089730C /* com_Audentia_BlocNotes.xcdatamodel */;
			name = com_Audentia_BlocNotes.xcdatamodeld;
			path = com.Audentia.BlocNotes/com_Audentia_BlocNotes.xcdatamodeld;
			sourceTree = "<group>";
			versionGroupType = wrapper.xcdatamodel;
		};
/* End XCVersionGroup section */
	};
	rootObject = C3AF48971B1D32820089730C /* Project object */;
}
